# This file was autogenerated by Stack.
# You should not edit this file by hand.
# For more information, please see the documentation at:
#   https://docs.haskellstack.org/en/stable/lock_files

packages:
- completed:
    hackage: lrucache-1.2.0.1@sha256:18fc3d7052012c7ab3cd395160f34b53c5e1ec5379cc45185baf35b90ffadc2e,1254
    pantry-tree:
      size: 619
      sha256: 61b2a39a11873f2d8a577e1f6b5e848d2f465ea7f6837ce15436796d3a20eda0
  original:
    hackage: lrucache-1.2.0.1
- completed:
    hackage: hakyll-4.13.4.1@sha256:af3096c611bcb164143df2d9543e88f1eaabe76e8f0261423aff8382f10368c3,9212
    pantry-tree:
      size: 7842
      sha256: 2cf57f61b0eb6f30beb01f78a65078138bfee0e4a4d8b6630ac4ddd91c7de6db
  original:
    hackage: hakyll-4.13.4.1@sha256:af3096c611bcb164143df2d9543e88f1eaabe76e8f0261423aff8382f10368c3,9212
- completed:
    hackage: pandoc-citeproc-0.17.0.2@sha256:39c5c60a5eca2c1cb50ae9a00dc7093ca1baac78ad5be4e222505de257dce456,8737
    pantry-tree:
      size: 25684
      sha256: 8a5f6398d750902d79c215a4c8f85c74f3e7ea572dd1f950d57e784669ac7a48
  original:
    hackage: pandoc-citeproc-0.17.0.2@sha256:39c5c60a5eca2c1cb50ae9a00dc7093ca1baac78ad5be4e222505de257dce456,8737
- completed:
    hackage: citeproc-0.2.0.1@sha256:cb34051043fac4c26a4983d8ef537488acc30a8e213d29a1a923dec530a6ac2c,5590
    pantry-tree:
      size: 78585
      sha256: 250a903e2aab3643cec90c115571f65388401c2bfa5585a33afe96722f98298d
  original:
    hackage: citeproc-0.2.0.1@sha256:cb34051043fac4c26a4983d8ef537488acc30a8e213d29a1a923dec530a6ac2c,5590
- completed:
    hackage: commonmark-0.1.1.2@sha256:c06ab05f0f224ab7982502a96e17952823a9b6dae8505fb35194b0baa9e2a975,3278
    pantry-tree:
      size: 1346
      sha256: 6a187bbbfaf61b4b1bf87ee5027e7edb5b7157ad3380982b07b876e9a60cd63d
  original:
    hackage: commonmark-0.1.1.2@sha256:c06ab05f0f224ab7982502a96e17952823a9b6dae8505fb35194b0baa9e2a975,3278
- completed:
    hackage: commonmark-extensions-0.2.0.4@sha256:6a437bcfa3c757af4262b71336513619990eafb5cfdc33e57a499c93ad225608,3184
    pantry-tree:
      size: 2928
      sha256: ac8993e356edabc65a40d6c6909696c5f2dfe2a5298089da820c29ca75852360
  original:
    hackage: commonmark-extensions-0.2.0.4@sha256:6a437bcfa3c757af4262b71336513619990eafb5cfdc33e57a499c93ad225608,3184
- completed:
    hackage: commonmark-pandoc-0.2.0.1@sha256:529c6e2c6cabf61558b66a28123eafc1d90d3324be29819f59f024e430312c1f,1105
    pantry-tree:
      size: 326
      sha256: d9954a15f73c8fe55a5097e1cc0957fa626d340ef36e2beefb8caae66008c3dc
  original:
    hackage: commonmark-pandoc-0.2.0.1@sha256:529c6e2c6cabf61558b66a28123eafc1d90d3324be29819f59f024e430312c1f,1105
- completed:
    hackage: doctemplates-0.8.3@sha256:b346b72d7351bfa1b16de3759f76854153e18fe3230b0115ab744c1f5bb0e36b,3127
    pantry-tree:
      size: 2364
      sha256: f6915b379fe3802cdea14bfa7b15d04c7554c3d20cf0432848579b33025311af
  original:
    hackage: doctemplates-0.8.3@sha256:b346b72d7351bfa1b16de3759f76854153e18fe3230b0115ab744c1f5bb0e36b,3127
- completed:
    hackage: pandoc-2.10.1@sha256:23d7ec480c7cb86740475a419d6ca4819987b6dd23bbae9b50bc3d42a7ed2f9f,36933
    pantry-tree:
      size: 89646
      sha256: 08c8b20356152b9ee8161bacafda2dc1bed13d7db4cbf38ab040c1977b2d28d5
  original:
    hackage: pandoc-2.10.1@sha256:23d7ec480c7cb86740475a419d6ca4819987b6dd23bbae9b50bc3d42a7ed2f9f,36933
- completed:
    hackage: pandoc-types-1.21@sha256:b61ed625da4d1a0d8057fcca4c0c5e174c9f45d94b41504db1532f3fc581e945,4037
    pantry-tree:
      size: 713
      sha256: e26eb93747538e29168032985a03b428039a16000fea1a4a8d9b9b032ac98b5f
  original:
    hackage: pandoc-types-1.21@sha256:b61ed625da4d1a0d8057fcca4c0c5e174c9f45d94b41504db1532f3fc581e945,4037
- completed:
    hackage: hslua-1.1.2@sha256:6c231b2af447430d1ed04f065d40bb6882ece93cc7f32f4051dc99deb69beeae,9694
    pantry-tree:
      size: 6820
      sha256: 62e61f6d08191159a070dcbaa20284a581835de620105a254dbee1c7ddfabd9d
  original:
    hackage: hslua-1.1.2@sha256:6c231b2af447430d1ed04f065d40bb6882ece93cc7f32f4051dc99deb69beeae,9694
- completed:
    hackage: hslua-module-text-0.2.1@sha256:c97f7fea92d12cfc9923d6bf893a6b3918bda756893a8db7840349ff3199b054,1653
    pantry-tree:
      size: 415
      sha256: c3620d1c0f4b4626c9364c18786fb3af2fac578874da578e5e96b4d9abfee175
  original:
    hackage: hslua-module-text-0.2.1@sha256:c97f7fea92d12cfc9923d6bf893a6b3918bda756893a8db7840349ff3199b054,1653
- completed:
    hackage: skylighting-0.8.5@sha256:a6e316e7440f0395d64f3a412cd6985783ec68a171e117d5e1bab1204c565a71,9726
    pantry-tree:
      size: 10380
      sha256: 5921bd1c9df9fe368ac3d15b5e772358040fb32d57e7821ad9b8107e6955bc8d
  original:
    hackage: skylighting-0.8.5@sha256:a6e316e7440f0395d64f3a412cd6985783ec68a171e117d5e1bab1204c565a71,9726
- completed:
    hackage: skylighting-core-0.8.5@sha256:f35397ea99d7d0fd4f45899102c040408d2bab802ea9d08ad1a970be58b43b49,8056
    pantry-tree:
      size: 13279
      sha256: 0bae843648475c76fc412153a40b62be0072a6251b6486d2108c2234ddc56f60
  original:
    hackage: skylighting-core-0.8.5@sha256:f35397ea99d7d0fd4f45899102c040408d2bab802ea9d08ad1a970be58b43b49,8056
snapshots:
- completed:
    size: 563098
    url: https://raw.githubusercontent.com/commercialhaskell/stackage-snapshots/master/lts/17/1.yaml
    sha256: 395775c03e66a4286f134d50346b0b6f1432131cf542886252984b4cfa5fef69
  original: lts-17.1
